Microsoft Visual Studio Solution File, Format Version 12.00
# Visual Studio Version 17
VisualStudioVersion = 17.0.31903.59
MinimumVisualStudioVersion = 10.0.40219.1
Project("{FAE04EC0-301F-11D3-BF4B-00C04F79EFBC}") = "Kestrel.Client", "Kestrel.Client\Kestrel.Client.csproj", "{A316BA0B-F9F1-49BC-AD68-F737DE3B45ED}"
EndProject
Project("{FAE04EC0-301F-11D3-BF4B-00C04F79EFBC}") = "Kestrel.Server", "Kestrel.Server\Kestrel.Server.csproj", "{6DCC45C2-E008-493A-8C71-9781F574121A}"
EndProject
Project("{FAE04EC0-301F-11D3-BF4B-00C04F79EFBC}") = "Kestrel.Game", "Kestrel.Game\Kestrel.Game.csproj", "{16E3A367-2230-4659-AF3E-E6EEDF63A928}"
EndProject
Global
	GlobalSection(SolutionConfigurationPlatforms) = preSolution
		Debug|Any CPU = Debug|Any CPU
		Debug|x64 = Debug|x64
		Debug|x86 = Debug|x86
		Release|Any CPU = Release|Any CPU
		Release|x64 = Release|x64
		Release|x86 = Release|x86
	EndGlobalSection
	GlobalSection(ProjectConfigurationPlatforms) = postSolution
		{A316BA0B-F9F1-49BC-AD68-F737DE3B45ED}.Debug|Any CPU.ActiveCfg = Debug|Any CPU
		{A316BA0B-F9F1-49BC-AD68-F737DE3B45ED}.Debug|Any CPU.Build.0 = Debug|Any CPU
		{A316BA0B-F9F1-49BC-AD68-F737DE3B45ED}.Debug|x64.ActiveCfg = Debug|Any CPU
		{A316BA0B-F9F1-49BC-AD68-F737DE3B45ED}.Debug|x64.Build.0 = Debug|Any CPU
		{A316BA0B-F9F1-49BC-AD68-F737DE3B45ED}.Debug|x86.ActiveCfg = Debug|Any CPU
		{A316BA0B-F9F1-49BC-AD68-F737DE3B45ED}.Debug|x86.Build.0 = Debug|Any CPU
		{A316BA0B-F9F1-49BC-AD68-F737DE3B45ED}.Release|Any CPU.ActiveCfg = Release|Any CPU
		{A316BA0B-F9F1-49BC-AD68-F737DE3B45ED}.Release|Any CPU.Build.0 = Release|Any CPU
		{A316BA0B-F9F1-49BC-AD68-F737DE3B45ED}.Release|x64.ActiveCfg = Release|Any CPU
		{A316BA0B-F9F1-49BC-AD68-F737DE3B45ED}.Release|x64.Build.0 = Release|Any CPU
		{A316BA0B-F9F1-49BC-AD68-F737DE3B45ED}.Release|x86.ActiveCfg = Release|Any CPU
		{A316BA0B-F9F1-49BC-AD68-F737DE3B45ED}.Release|x86.Build.0 = Release|Any CPU
		{6DCC45C2-E008-493A-8C71-9781F574121A}.Debug|Any CPU.ActiveCfg = Debug|Any CPU
		{6DCC45C2-E008-493A-8C71-9781F574121A}.Debug|Any CPU.Build.0 = Debug|Any CPU
		{6DCC45C2-E008-493A-8C71-9781F574121A}.Debug|x64.ActiveCfg = Debug|Any CPU
		{6DCC45C2-E008-493A-8C71-9781F574121A}.Debug|x64.Build.0 = Debug|Any CPU
		{6DCC45C2-E008-493A-8C71-9781F574121A}.Debug|x86.ActiveCfg = Debug|Any CPU
		{6DCC45C2-E008-493A-8C71-9781F574121A}.Debug|x86.Build.0 = Debug|Any CPU
		{6DCC45C2-E008-493A-8C71-9781F574121A}.Release|Any CPU.ActiveCfg = Release|Any CPU
		{6DCC45C2-E008-493A-8C71-9781F574121A}.Release|Any CPU.Build.0 = Release|Any CPU
		{6DCC45C2-E008-493A-8C71-9781F574121A}.Release|x64.ActiveCfg = Release|Any CPU
		{6DCC45C2-E008-493A-8C71-9781F574121A}.Release|x64.Build.0 = Release|Any CPU
		{6DCC45C2-E008-493A-8C71-9781F574121A}.Release|x86.ActiveCfg = Release|Any CPU
		{6DCC45C2-E008-493A-8C71-9781F574121A}.Release|x86.Build.0 = Release|Any CPU
		{16E3A367-2230-4659-AF3E-E6EEDF63A928}.Debug|Any CPU.ActiveCfg = Debug|Any CPU
		{16E3A367-2230-4659-AF3E-E6EEDF63A928}.Debug|Any CPU.Build.0 = Debug|Any CPU
		{16E3A367-2230-4659-AF3E-E6EEDF63A928}.Debug|x64.ActiveCfg = Debug|Any CPU
		{16E3A367-2230-4659-AF3E-E6EEDF63A928}.Debug|x64.Build.0 = Debug|Any CPU
		{16E3A367-2230-4659-AF3E-E6EEDF63A928}.Debug|x86.ActiveCfg = Debug|Any CPU
		{16E3A367-2230-4659-AF3E-E6EEDF63A928}.Debug|x86.Build.0 = Debug|Any CPU
		{16E3A367-2230-4659-AF3E-E6EEDF63A928}.Release|Any CPU.ActiveCfg = Release|Any CPU
		{16E3A367-2230-4659-AF3E-E6EEDF63A928}.Release|Any CPU.Build.0 = Release|Any CPU
		{16E3A367-2230-4659-AF3E-E6EEDF63A928}.Release|x64.ActiveCfg = Release|Any CPU
		{16E3A367-2230-4659-AF3E-E6EEDF63A928}.Release|x64.Build.0 = Release|Any CPU
		{16E3A367-2230-4659-AF3E-E6EEDF63A928}.Release|x86.ActiveCfg = Release|Any CPU
		{16E3A367-2230-4659-AF3E-E6EEDF63A928}.Release|x86.Build.0 = Release|Any CPU
	EndGlobalSection
	GlobalSection(SolutionProperties) = preSolution
		HideSolutionNode = FALSE
	EndGlobalSection
EndGlobal
